
Microsoft Visual Studio Solution File, Format Version 12.00
# Visual Studio 15
VisualStudioVersion = 15.0.28010.2041
MinimumVisualStudioVersion = 10.0.40219.1
Project("{8BC9CEB8-8B4A-11D0-8D11-00A0C91BC942}") = "30", "30\30.vcxproj", "{6E888395-44DA-4D35-A3E4-753833A73486}"
EndProject
Global
	GlobalSection(SolutionConfigurationPlatforms) = preSolution
		Debug|x64 = Debug|x64
		Debug|x86 = Debug|x86
		Release|x64 = Release|x64
		Release|x86 = Release|x86
	EndGlobalSection
	GlobalSection(ProjectConfigurationPlatforms) = postSolution
		{6E888395-44DA-4D35-A3E4-753833A73486}.Debug|x64.ActiveCfg = Debug|x64
		{6E888395-44DA-4D35-A3E4-753833A73486}.Debug|x64.Build.0 = Debug|x64
		{6E888395-44DA-4D35-A3E4-753833A73486}.Debug|x86.ActiveCfg = Debug|Win32
		{6E888395-44DA-4D35-A3E4-753833A73486}.Debug|x86.Build.0 = Debug|Win32
		{6E888395-44DA-4D35-A3E4-753833A73486}.Release|x64.ActiveCfg = Release|x64
		{6E888395-44DA-4D35-A3E4-753833A73486}.Release|x64.Build.0 = Release|x64
		{6E888395-44DA-4D35-A3E4-753833A73486}.Release|x86.ActiveCfg = Release|Win32
		{6E888395-44DA-4D35-A3E4-753833A73486}.Release|x86.Build.0 = Release|Win32
	EndGlobalSection
	GlobalSection(SolutionProperties) = preSolution
		HideSolutionNode = FALSE
	EndGlobalSection
	GlobalSection(ExtensibilityGlobals) = postSolution
		SolutionGuid = {16DD848A-AF53-4098-A8E3-7556CE876B5D}
	EndGlobalSection
EndGlobal
